PODS:
  - CDBiCloudKit (1.1.3):
    - CDBKit (~> 1.0)
    - CDBUUID (~> 1.0.0)
  - CDBKit (1.0.0)
  - CDBUUID (1.0.0)

DEPENDENCIES:
  - CDBiCloudKit (from `../`)

EXTERNAL SOURCES:
  CDBiCloudKit:
    :path: ../

SPEC CHECKSUMS:
  CDBiCloudKit: cdf025ad4f16ef0552b671e3a82e5df6ee7cc447
  CDBKit: 1702b5b958ef1559c0106bfd660d3d9d89f038ef
  CDBUUID: c42280bf7d31b8121ea7a5f94b4c063e5068330d

PODFILE CHECKSUM: 83b6f51e1afb0dc9a1e93f65106e5e0ad09fff80

COCOAPODS: 1.2.0
